// !$*UTF8*$!
{
	archiveVersion = 1;
	classes = {
	};
	objectVersion = 56;
	objects = {

/* Begin PBXBuildFile section */
		D7F250222C932BB70094DDBF /* AppDelegate.swift in Sources */ = {isa = PBXBuildFile; fileRef = D7F250212C932BB70094DDBF /* AppDelegate.swift */; };
		D7F250242C932BB70094DDBF /* SceneDelegate.swift in Sources */ = {isa = PBXBuildFile; fileRef = D7F250232C932BB70094DDBF /* SceneDelegate.swift */; };
		D7F250262C932BB70094DDBF /* ViewController.swift in Sources */ = {isa = PBXBuildFile; fileRef = D7F250252C932BB70094DDBF /* ViewController.swift */; };
		D7F250292C932BB70094DDBF /* Main.storyboard in Resources */ = {isa = PBXBuildFile; fileRef = D7F250272C932BB70094DDBF /* Main.storyboard */; };
		D7F2502B2C932BB90094DDBF /* Assets.xcassets in Resources */ = {isa = PBXBuildFile; fileRef = D7F2502A2C932BB90094DDBF /* Assets.xcassets */; };
		D7F2502E2C932BB90094DDBF /* LaunchScreen.storyboard in Resources */ = {isa = PBXBuildFile; fileRef = D7F2502C2C932BB90094DDBF /* LaunchScreen.storyboard */; };
		D7F250392C932BBA0094DDBF /* BestBrainExampleTests.swift in Sources */ = {isa = PBXBuildFile; fileRef = D7F250382C932BBA0094DDBF /* BestBrainExampleTests.swift */; };
		D7F250432C932BBA0094DDBF /* BestBrainExampleUITests.swift in Sources */ = {isa = PBXBuildFile; fileRef = D7F250422C932BBA0094DDBF /* BestBrainExampleUITests.swift */; };
		D7F250452C932BBA0094DDBF /* BestBrainExampleUITestsLaunchTests.swift in Sources */ = {isa = PBXBuildFile; fileRef = D7F250442C932BBA0094DDBF /* BestBrainExampleUITestsLaunchTests.swift */; };
		D7F250532C932FD10094DDBF /* BestBrain.xcframework in Frameworks */ = {isa = PBXBuildFile; fileRef = D7F250512C932FCA0094DDBF /* BestBrain.xcframework */; };
		D7F250542C932FD10094DDBF /* BestBrain.xcframework in Embed Frameworks */ = {isa = PBXBuildFile; fileRef = D7F250512C932FCA0094DDBF /* BestBrain.xcframework */; settings = {ATTRIBUTES = (CodeSignOnCopy, RemoveHeadersOnCopy, ); }; };
/* End PBXBuildFile section */

/* Begin PBXContainerItemProxy section */
		D7F250352C932BBA0094DDBF /* PBXContainerItemProxy */ = {
			isa = PBXContainerItemProxy;
			containerPortal = D7F250162C932BB70094DDBF /* Project object */;
			proxyType = 1;
			remoteGlobalIDString = D7F2501D2C932BB70094DDBF;
			remoteInfo = BestBrainExample;
		};
		D7F2503F2C932BBA0094DDBF /* PBXContainerItemProxy */ = {
			isa = PBXContainerItemProxy;
			containerPortal = D7F250162C932BB70094DDBF /* Project object */;
			proxyType = 1;
			remoteGlobalIDString = D7F2501D2C932BB70094DDBF;
			remoteInfo = BestBrainExample;
		};
/* End PBXContainerItemProxy section */

/* Begin PBXCopyFilesBuildPhase section */
		D7F250552C932FD10094DDBF /* Embed Frameworks */ = {
			isa = PBXCopyFilesBuildPhase;
			buildActionMask = 2147483647;
			dstPath = "";
			dstSubfolderSpec = 10;
			files = (
				D7F250542C932FD10094DDBF /* BestBrain.xcframework in Embed Frameworks */,
			);
			name = "Embed Frameworks";
			runOnlyForDeploymentPostprocessing = 0;
		};
/* End PBXCopyFilesBuildPhase section */

/* Begin PBXFileReference section */
		D7F2501E2C932BB70094DDBF /* BestBrainExample.app */ = {isa = PBXFileReference; explicitFileType = wrapper.application; includeInIndex = 0; path = BestBrainExample.app; sourceTree = BUILT_PRODUCTS_DIR; };
		D7F250212C932BB70094DDBF /* AppDelegate.swift */ = {isa = PBXFileReference; lastKnownFileType = sourcecode.swift; path = AppDelegate.swift; sourceTree = "<group>"; };
		D7F250232C932BB70094DDBF /* SceneDelegate.swift */ = {isa = PBXFileReference; lastKnownFileType = sourcecode.swift; path = SceneDelegate.swift; sourceTree = "<group>"; };
		D7F250252C932BB70094DDBF /* ViewController.swift */ = {isa = PBXFileReference; lastKnownFileType = sourcecode.swift; path = ViewController.swift; sourceTree = "<group>"; };
		D7F250282C932BB70094DDBF /* Base */ = {isa = PBXFileReference; lastKnownFileType = file.storyboard; name = Base; path = Base.lproj/Main.storyboard; sourceTree = "<group>"; };
		D7F2502A2C932BB90094DDBF /* Assets.xcassets */ = {isa = PBXFileReference; lastKnownFileType = folder.assetcatalog; path = Assets.xcassets; sourceTree = "<group>"; };
		D7F2502D2C932BB90094DDBF /* Base */ = {isa = PBXFileReference; lastKnownFileType = file.storyboard; name = Base; path = Base.lproj/LaunchScreen.storyboard; sourceTree = "<group>"; };
		D7F2502F2C932BB90094DDBF /* Info.plist */ = {isa = PBXFileReference; lastKnownFileType = text.plist.xml; path = Info.plist; sourceTree = "<group>"; };
		D7F250342C932BBA0094DDBF /* BestBrainExampleTests.xctest */ = {isa = PBXFileReference; explicitFileType = wrapper.cfbundle; includeInIndex = 0; path = BestBrainExampleTests.xctest; sourceTree = BUILT_PRODUCTS_DIR; };
		D7F250382C932BBA0094DDBF /* BestBrainExampleTests.swift */ = {isa = PBXFileReference; lastKnownFileType = sourcecode.swift; path = BestBrainExampleTests.swift; sourceTree = "<group>"; };
		D7F2503E2C932BBA0094DDBF /* BestBrainExampleUITests.xctest */ = {isa = PBXFileReference; explicitFileType = wrapper.cfbundle; includeInIndex = 0; path = BestBrainExampleUITests.xctest; sourceTree = BUILT_PRODUCTS_DIR; };
		D7F250422C932BBA0094DDBF /* BestBrainExampleUITests.swift */ = {isa = PBXFileReference; lastKnownFileType = sourcecode.swift; path = BestBrainExampleUITests.swift; sourceTree = "<group>"; };
		D7F250442C932BBA0094DDBF /* BestBrainExampleUITestsLaunchTests.swift */ = {isa = PBXFileReference; lastKnownFileType = sourcecode.swift; path = BestBrainExampleUITestsLaunchTests.swift; sourceTree = "<group>"; };
		D7F250512C932FCA0094DDBF /* BestBrain.xcframework */ = {isa = PBXFileReference; lastKnownFileType = wrapper.xcframework; name = BestBrain.xcframework; path = ../../BestBrain.xcframework; sourceTree = "<group>"; };
/* End PBXFileReference section */

/* Begin PBXFrameworksBuildPhase section */
		D7F2501B2C932BB70094DDBF /* Frameworks */ = {
			isa = PBXFrameworksBuildPhase;
			buildActionMask = 2147483647;
			files = (
				D7F250532C932FD10094DDBF /* BestBrain.xcframework in Frameworks */,
			);
			runOnlyForDeploymentPostprocessing = 0;
		};
		D7F250312C932BBA0094DDBF /* Frameworks */ = {
			isa = PBXFrameworksBuildPhase;
			buildActionMask = 2147483647;
			files = (
			);
			runOnlyForDeploymentPostprocessing = 0;
		};
		D7F2503B2C932BBA0094DDBF /* Frameworks */ = {
			isa = PBXFrameworksBuildPhase;
			buildActionMask = 2147483647;
			files = (
			);
			runOnlyForDeploymentPostprocessing = 0;
		};
/* End PBXFrameworksBuildPhase section */

/* Begin PBXGroup section */
		D7F250152C932BB70094DDBF = {
			isa = PBXGroup;
			children = (
				D7F250202C932BB70094DDBF /* BestBrainExample */,
				D7F250372C932BBA0094DDBF /* BestBrainExampleTests */,
				D7F250412C932BBA0094DDBF /* BestBrainExampleUITests */,
				D7F2501F2C932BB70094DDBF /* Products */,
			);
			sourceTree = "<group>";
		};
		D7F2501F2C932BB70094DDBF /* Products */ = {
			isa = PBXGroup;
			children = (
				D7F2501E2C932BB70094DDBF /* BestBrainExample.app */,
				D7F250342C932BBA0094DDBF /* BestBrainExampleTests.xctest */,
				D7F2503E2C932BBA0094DDBF /* BestBrainExampleUITests.xctest */,
			);
			name = Products;
			sourceTree = "<group>";
		};
		D7F250202C932BB70094DDBF /* BestBrainExample */ = {
			isa = PBXGroup;
			children = (
				D7F250512C932FCA0094DDBF /* BestBrain.xcframework */,
				D7F250212C932BB70094DDBF /* AppDelegate.swift */,
				D7F250232C932BB70094DDBF /* SceneDelegate.swift */,
				D7F250252C932BB70094DDBF /* ViewController.swift */,
				D7F250272C932BB70094DDBF /* Main.storyboard */,
				D7F2502A2C932BB90094DDBF /* Assets.xcassets */,
				D7F2502C2C932BB90094DDBF /* LaunchScreen.storyboard */,
				D7F2502F2C932BB90094DDBF /* Info.plist */,
			);
			path = BestBrainExample;
			sourceTree = "<group>";
		};
		D7F250372C932BBA0094DDBF /* BestBrainExampleTests */ = {
			isa = PBXGroup;
			children = (
				D7F250382C932BBA0094DDBF /* BestBrainExampleTests.swift */,
			);
			path = BestBrainExampleTests;
			sourceTree = "<group>";
		};
		D7F250412C932BBA0094DDBF /* BestBrainExampleUITests */ = {
			isa = PBXGroup;
			children = (
				D7F250422C932BBA0094DDBF /* BestBrainExampleUITests.swift */,
				D7F250442C932BBA0094DDBF /* BestBrainExampleUITestsLaunchTests.swift */,
			);
			path = BestBrainExampleUITests;
			sourceTree = "<group>";
		};
/* End PBXGroup section */

/* Begin PBXNativeTarget section */
		D7F2501D2C932BB70094DDBF /* BestBrainExample */ = {
			isa = PBXNativeTarget;
			buildConfigurationList = D7F250482C932BBA0094DDBF /* Build configuration list for PBXNativeTarget "BestBrainExample" */;
			buildPhases = (
				D7F2501A2C932BB70094DDBF /* Sources */,
				D7F2501B2C932BB70094DDBF /* Frameworks */,
				D7F2501C2C932BB70094DDBF /* Resources */,
				D7F250552C932FD10094DDBF /* Embed Frameworks */,
			);
			buildRules = (
			);
			dependencies = (
			);
			name = BestBrainExample;
			productName = BestBrainExample;
			productReference = D7F2501E2C932BB70094DDBF /* BestBrainExample.app */;
			productType = "com.apple.product-type.application";
		};
		D7F250332C932BBA0094DDBF /* BestBrainExampleTests */ = {
			isa = PBXNativeTarget;
			buildConfigurationList = D7F2504B2C932BBA0094DDBF /* Build configuration list for PBXNativeTarget "BestBrainExampleTests" */;
			buildPhases = (
				D7F250302C932BBA0094DDBF /* Sources */,
				D7F250312C932BBA0094DDBF /* Frameworks */,
				D7F250322C932BBA0094DDBF /* Resources */,
			);
			buildRules = (
			);
			dependencies = (
				D7F250362C932BBA0094DDBF /* PBXTargetDependency */,
			);
			name = BestBrainExampleTests;
			productName = BestBrainExampleTests;
			productReference = D7F250342C932BBA0094DDBF /* BestBrainExampleTests.xctest */;
			productType = "com.apple.product-type.bundle.unit-test";
		};
		D7F2503D2C932BBA0094DDBF /* BestBrainExampleUITests */ = {
			isa = PBXNativeTarget;
			buildConfigurationList = D7F2504E2C932BBA0094DDBF /* Build configuration list for PBXNativeTarget "BestBrainExampleUITests" */;
			buildPhases = (
				D7F2503A2C932BBA0094DDBF /* Sources */,
				D7F2503B2C932BBA0094DDBF /* Frameworks */,
				D7F2503C2C932BBA0094DDBF /* Resources */,
			);
			buildRules = (
			);
			dependencies = (
				D7F250402C932BBA0094DDBF /* PBXTargetDependency */,
			);
			name = BestBrainExampleUITests;
			productName = BestBrainExampleUITests;
			productReference = D7F2503E2C932BBA0094DDBF /* BestBrainExampleUITests.xctest */;
			productType = "com.apple.product-type.bundle.ui-testing";
		};
/* End PBXNativeTarget section */

/* Begin PBXProject section */
		D7F250162C932BB70094DDBF /* Project object */ = {
			isa = PBXProject;
			attributes = {
				BuildIndependentTargetsInParallel = 1;
				LastSwiftUpdateCheck = 1520;
				LastUpgradeCheck = 1520;
				TargetAttributes = {
					D7F2501D2C932BB70094DDBF = {
						CreatedOnToolsVersion = 15.2;
					};
					D7F250332C932BBA0094DDBF = {
						CreatedOnToolsVersion = 15.2;
						TestTargetID = D7F2501D2C932BB70094DDBF;
					};
					D7F2503D2C932BBA0094DDBF = {
						CreatedOnToolsVersion = 15.2;
						TestTargetID = D7F2501D2C932BB70094DDBF;
					};
				};
			};
			buildConfigurationList = D7F250192C932BB70094DDBF /* Build configuration list for PBXProject "BestBrainExample" */;
			compatibilityVersion = "Xcode 14.0";
			developmentRegion = en;
			hasScannedForEncodings = 0;
			knownRegions = (
				en,
				Base,
			);
			mainGroup = D7F250152C932BB70094DDBF;
			productRefGroup = D7F2501F2C932BB70094DDBF /* Products */;
			projectDirPath = "";
			projectRoot = "";
			targets = (
				D7F2501D2C932BB70094DDBF /* BestBrainExample */,
				D7F250332C932BBA0094DDBF /* BestBrainExampleTests */,
				D7F2503D2C932BBA0094DDBF /* BestBrainExampleUITests */,
			);
		};
/* End PBXProject section */

/* Begin PBXResourcesBuildPhase section */
		D7F2501C2C932BB70094DDBF /* Resources */ = {
			isa = PBXResourcesBuildPhase;
			buildActionMask = 2147483647;
			files = (
				D7F2502E2C932BB90094DDBF /* LaunchScreen.storyboard in Resources */,
				D7F2502B2C932BB90094DDBF /* Assets.xcassets in Resources */,
				D7F250292C932BB70094DDBF /* Main.storyboard in Resources */,
			);
			runOnlyForDeploymentPostprocessing = 0;
		};
		D7F250322C932BBA0094DDBF /* Resources */ = {
			isa = PBXResourcesBuildPhase;
			buildActionMask = 2147483647;
			files = (
			);
			runOnlyForDeploymentPostprocessing = 0;
		};
		D7F2503C2C932BBA0094DDBF /* Resources */ = {
			isa = PBXResourcesBuildPhase;
			buildActionMask = 2147483647;
			files = (
			);
			runOnlyForDeploymentPostprocessing = 0;
		};
/* End PBXResourcesBuildPhase section */

/* Begin PBXSourcesBuildPhase section */
		D7F2501A2C932BB70094DDBF /* Sources */ = {
			isa = PBXSourcesBuildPhase;
			buildActionMask = 2147483647;
			files = (
				D7F250262C932BB70094DDBF /* ViewController.swift in Sources */,
				D7F250222C932BB70094DDBF /* AppDelegate.swift in Sources */,
				D7F250242C932BB70094DDBF /* SceneDelegate.swift in Sources */,
			);
			runOnlyForDeploymentPostprocessing = 0;
		};
		D7F250302C932BBA0094DDBF /* Sources */ = {
			isa = PBXSourcesBuildPhase;
			buildActionMask = 2147483647;
			files = (
				D7F250392C932BBA0094DDBF /* BestBrainExampleTests.swift in Sources */,
			);
			runOnlyForDeploymentPostprocessing = 0;
		};
		D7F2503A2C932BBA0094DDBF /* Sources */ = {
			isa = PBXSourcesBuildPhase;
			buildActionMask = 2147483647;
			files = (
				D7F250452C932BBA0094DDBF /* BestBrainExampleUITestsLaunchTests.swift in Sources */,
				D7F250432C932BBA0094DDBF /* BestBrainExampleUITests.swift in Sources */,
			);
			runOnlyForDeploymentPostprocessing = 0;
		};
/* End PBXSourcesBuildPhase section */

/* Begin PBXTargetDependency section */
		D7F250362C932BBA0094DDBF /* PBXTargetDependency */ = {
			isa = PBXTargetDependency;
			target = D7F2501D2C932BB70094DDBF /* BestBrainExample */;
			targetProxy = D7F250352C932BBA0094DDBF /* PBXContainerItemProxy */;
		};
		D7F250402C932BBA0094DDBF /* PBXTargetDependency */ = {
			isa = PBXTargetDependency;
			target = D7F2501D2C932BB70094DDBF /* BestBrainExample */;
			targetProxy = D7F2503F2C932BBA0094DDBF /* PBXContainerItemProxy */;
		};
/* End PBXTargetDependency section */

/* Begin PBXVariantGroup section */
		D7F250272C932BB70094DDBF /* Main.storyboard */ = {
			isa = PBXVariantGroup;
			children = (
				D7F250282C932BB70094DDBF /* Base */,
			);
			name = Main.storyboard;
			sourceTree = "<group>";
		};
		D7F2502C2C932BB90094DDBF /* LaunchScreen.storyboard */ = {
			isa = PBXVariantGroup;
			children = (
				D7F2502D2C932BB90094DDBF /* Base */,
			);
			name = LaunchScreen.storyboard;
			sourceTree = "<group>";
		};
/* End PBXVariantGroup section */

/* Begin XCBuildConfiguration section */
		D7F250462C932BBA0094DDBF /* Debug */ = {
			isa = XCBuildConfiguration;
			buildSettings = {
				ALWAYS_SEARCH_USER_PATHS = NO;
				ASSETCATALOG_COMPILER_GENERATE_SWIFT_ASSET_SYMBOL_EXTENSIONS = YES;
				CLANG_ANALYZER_NONNULL = YES;
				CLANG_ANALYZER_NUMBER_OBJECT_CONVERSION = YES_AGGRESSIVE;
				CLANG_CXX_LANGUAGE_STANDARD = "gnu++20";
				CLANG_ENABLE_MODULES = YES;
				CLANG_ENABLE_OBJC_ARC = YES;
				CLANG_ENABLE_OBJC_WEAK = YES;
				CLANG_WARN_BLOCK_CAPTURE_AUTORELEASING = YES;
				CLANG_WARN_BOOL_CONVERSION = YES;
				CLANG_WARN_COMMA = YES;
				CLANG_WARN_CONSTANT_CONVERSION = YES;
				CLANG_WARN_DEPRECATED_OBJC_IMPLEMENTATIONS = YES;
				CLANG_WARN_DIRECT_OBJC_ISA_USAGE = YES_ERROR;
				CLANG_WARN_DOCUMENTATION_COMMENTS = YES;
				CLANG_WARN_EMPTY_BODY = YES;
				CLANG_WARN_ENUM_CONVERSION = YES;
				CLANG_WARN_INFINITE_RECURSION = YES;
				CLANG_WARN_INT_CONVERSION = YES;
				CLANG_WARN_NON_LITERAL_NULL_CONVERSION = YES;
				CLANG_WARN_OBJC_IMPLICIT_RETAIN_SELF = YES;
				CLANG_WARN_OBJC_LITERAL_CONVERSION = YES;
				CLANG_WARN_OBJC_ROOT_CLASS = YES_ERROR;
				CLANG_WARN_QUOTED_INCLUDE_IN_FRAMEWORK_HEADER = YES;
				CLANG_WARN_RANGE_LOOP_ANALYSIS = YES;
				CLANG_WARN_STRICT_PROTOTYPES = YES;
				CLANG_WARN_SUSPICIOUS_MOVE = YES;
				CLANG_WARN_UNGUARDED_AVAILABILITY = YES_AGGRESSIVE;
				CLANG_WARN_UNREACHABLE_CODE = YES;
				CLANG_WARN__DUPLICATE_METHOD_MATCH = YES;
				COPY_PHASE_STRIP = NO;
				DEBUG_INFORMATION_FORMAT = dwarf;
				ENABLE_STRICT_OBJC_MSGSEND = YES;
				ENABLE_TESTABILITY = YES;
				ENABLE_USER_SCRIPT_SANDBOXING = YES;
				GCC_C_LANGUAGE_STANDARD = gnu17;
				GCC_DYNAMIC_NO_PIC = NO;
				GCC_NO_COMMON_BLOCKS = YES;
				GCC_OPTIMIZATION_LEVEL = 0;
				GCC_PREPROCESSOR_DEFINITIONS = (
					"DEBUG=1",
					"$(inherited)",
				);
				GCC_WARN_64_TO_32_BIT_CONVERSION = YES;
				GCC_WARN_ABOUT_RETURN_TYPE = YES_ERROR;
				GCC_WARN_UNDECLARED_SELECTOR = YES;
				GCC_WARN_UNINITIALIZED_AUTOS = YES_AGGRESSIVE;
				GCC_WARN_UNUSED_FUNCTION = YES;
				GCC_WARN_UNUSED_VARIABLE = YES;
				IPHONEOS_DEPLOYMENT_TARGET = 17.2;
				LOCALIZATION_PREFERS_STRING_CATALOGS = YES;
				MTL_ENABLE_DEBUG_INFO = INCLUDE_SOURCE;
				MTL_FAST_MATH = YES;
				ONLY_ACTIVE_ARCH = YES;
				SDKROOT = iphoneos;
				SWIFT_ACTIVE_COMPILATION_CONDITIONS = "DEBUG $(inherited)";
				SWIFT_OPTIMIZATION_LEVEL = "-Onone";
			};
			name = Debug;
		};
		D7F250472C932BBA0094DDBF /* Release */ = {
			isa = XCBuildConfiguration;
			buildSettings = {
				ALWAYS_SEARCH_USER_PATHS = NO;
				ASSETCATALOG_COMPILER_GENERATE_SWIFT_ASSET_SYMBOL_EXTENSIONS = YES;
				CLANG_ANALYZER_NONNULL = YES;
				CLANG_ANALYZER_NUMBER_OBJECT_CONVERSION = YES_AGGRESSIVE;
				CLANG_CXX_LANGUAGE_STANDARD = "gnu++20";
				CLANG_ENABLE_MODULES = YES;
				CLANG_ENABLE_OBJC_ARC = YES;
				CLANG_ENABLE_OBJC_WEAK = YES;
				CLANG_WARN_BLOCK_CAPTURE_AUTORELEASING = YES;
				CLANG_WARN_BOOL_CONVERSION = YES;
				CLANG_WARN_COMMA = YES;
				CLANG_WARN_CONSTANT_CONVERSION = YES;
				CLANG_WARN_DEPRECATED_OBJC_IMPLEMENTATIONS = YES;
				CLANG_WARN_DIRECT_OBJC_ISA_USAGE = YES_ERROR;
				CLANG_WARN_DOCUMENTATION_COMMENTS = YES;
				CLANG_WARN_EMPTY_BODY = YES;
				CLANG_WARN_ENUM_CONVERSION = YES;
				CLANG_WARN_INFINITE_RECURSION = YES;
				CLANG_WARN_INT_CONVERSION = YES;
				CLANG_WARN_NON_LITERAL_NULL_CONVERSION = YES;
				CLANG_WARN_OBJC_IMPLICIT_RETAIN_SELF = YES;
				CLANG_WARN_OBJC_LITERAL_CONVERSION = YES;
				CLANG_WARN_OBJC_ROOT_CLASS = YES_ERROR;
				CLANG_WARN_QUOTED_INCLUDE_IN_FRAMEWORK_HEADER = YES;
				CLANG_WARN_RANGE_LOOP_ANALYSIS = YES;
				CLANG_WARN_STRICT_PROTOTYPES = YES;
				CLANG_WARN_SUSPICIOUS_MOVE = YES;
				CLANG_WARN_UNGUARDED_AVAILABILITY = YES_AGGRESSIVE;
				CLANG_WARN_UNREACHABLE_CODE = YES;
				CLANG_WARN__DUPLICATE_METHOD_MATCH = YES;
				COPY_PHASE_STRIP = NO;
				DEBUG_INFORMATION_FORMAT = "dwarf-with-dsym";
				ENABLE_NS_ASSERTIONS = NO;
				ENABLE_STRICT_OBJC_MSGSEND = YES;
				ENABLE_USER_SCRIPT_SANDBOXING = YES;
				GCC_C_LANGUAGE_STANDARD = gnu17;
				GCC_NO_COMMON_BLOCKS = YES;
				GCC_WARN_64_TO_32_BIT_CONVERSION = YES;
				GCC_WARN_ABOUT_RETURN_TYPE = YES_ERROR;
				GCC_WARN_UNDECLARED_SELECTOR = YES;
				GCC_WARN_UNINITIALIZED_AUTOS = YES_AGGRESSIVE;
				GCC_WARN_UNUSED_FUNCTION = YES;
				GCC_WARN_UNUSED_VARIABLE = YES;
				IPHONEOS_DEPLOYMENT_TARGET = 17.2;
				LOCALIZATION_PREFERS_STRING_CATALOGS = YES;
				MTL_ENABLE_DEBUG_INFO = NO;
				MTL_FAST_MATH = YES;
				SDKROOT = iphoneos;
				SWIFT_COMPILATION_MODE = wholemodule;
				VALIDATE_PRODUCT = YES;
			};
			name = Release;
		};
		D7F250492C932BBA0094DDBF /* Debug */ = {
			isa = XCBuildConfiguration;
			buildSettings = {
				ASSETCATALOG_COMPILER_APPICON_NAME = AppIcon;
				ASSETCATALOG_COMPILER_GLOBAL_ACCENT_COLOR_NAME = AccentColor;
				CODE_SIGN_STYLE = Automatic;
				CURRENT_PROJECT_VERSION = 1;
				DEVELOPMENT_TEAM = 9X9335U8Q3;
				GENERATE_INFOPLIST_FILE = YES;
				INFOPLIST_FILE = BestBrainExample/Info.plist;
				INFOPLIST_KEY_UIApplicationSupportsIndirectInputEvents = YES;
				INFOPLIST_KEY_UILaunchStoryboardName = LaunchScreen;
				INFOPLIST_KEY_UIMainStoryboardFile = Main;
				INFOPLIST_KEY_UISupportedInterfaceOrientations_iPad = "UIInterfaceOrientationPortrait UIInterfaceOrientationPortraitUpsideDown UIInterfaceOrientationLandscapeLeft UIInterfaceOrientationLandscapeRight";
				INFOPLIST_KEY_UISupportedInterfaceOrientations_iPhone = "UIInterfaceOrientationPortrait UIInterfaceOrientationLandscapeLeft UIInterfaceOrientationLandscapeRight";
				LD_RUNPATH_SEARCH_PATHS = (
					"$(inherited)",
					"@executable_path/Frameworks",
				);
				MARKETING_VERSION = 1.0;
				PRODUCT_BUNDLE_IDENTIFIER = com.dts.BestBrainExample;
				PRODUCT_NAME = "$(TARGET_NAME)";
				SWIFT_EMIT_LOC_STRINGS = YES;
				SWIFT_VERSION = 5.0;
				TARGETED_DEVICE_FAMILY = "1,2";
			};
			name = Debug;
		};
		D7F2504A2C932BBA0094DDBF /* Release */ = {
			isa = XCBuildConfiguration;
			buildSettings = {
				ASSETCATALOG_COMPILER_APPICON_NAME = AppIcon;
				ASSETCATALOG_COMPILER_GLOBAL_ACCENT_COLOR_NAME = AccentColor;
				CODE_SIGN_STYLE = Automatic;
				CURRENT_PROJECT_VERSION = 1;
				DEVELOPMENT_TEAM = 9X9335U8Q3;
				GENERATE_INFOPLIST_FILE = YES;
				INFOPLIST_FILE = BestBrainExample/Info.plist;
				INFOPLIST_KEY_UIApplicationSupportsIndirectInputEvents = YES;
				INFOPLIST_KEY_UILaunchStoryboardName = LaunchScreen;
				INFOPLIST_KEY_UIMainStoryboardFile = Main;
				INFOPLIST_KEY_UISupportedInterfaceOrientations_iPad = "UIInterfaceOrientationPortrait UIInterfaceOrientationPortraitUpsideDown UIInterfaceOrientationLandscapeLeft UIInterfaceOrientationLandscapeRight";
				INFOPLIST_KEY_UISupportedInterfaceOrientations_iPhone = "UIInterfaceOrientationPortrait UIInterfaceOrientationLandscapeLeft UIInterfaceOrientationLandscapeRight";
				LD_RUNPATH_SEARCH_PATHS = (
					"$(inherited)",
					"@executable_path/Frameworks",
				);
				MARKETING_VERSION = 1.0;
				PRODUCT_BUNDLE_IDENTIFIER = com.dts.BestBrainExample;
				PRODUCT_NAME = "$(TARGET_NAME)";
				SWIFT_EMIT_LOC_STRINGS = YES;
				SWIFT_VERSION = 5.0;
				TARGETED_DEVICE_FAMILY = "1,2";
			};
			name = Release;
		};
		D7F2504C2C932BBA0094DDBF /* Debug */ = {
			isa = XCBuildConfiguration;
			buildSettings = {
				ALWAYS_EMBED_SWIFT_STANDARD_LIBRARIES = YES;
				BUNDLE_LOADER = "$(TEST_HOST)";
				CODE_SIGN_STYLE = Automatic;
				CURRENT_PROJECT_VERSION = 1;
				DEVELOPMENT_TEAM = 9X9335U8Q3;
				GENERATE_INFOPLIST_FILE = YES;
				IPHONEOS_DEPLOYMENT_TARGET = 17.2;
				MARKETING_VERSION = 1.0;
				PRODUCT_BUNDLE_IDENTIFIER = com.dts.BestBrainExampleTests;
				PRODUCT_NAME = "$(TARGET_NAME)";
				SWIFT_EMIT_LOC_STRINGS = NO;
				SWIFT_VERSION = 5.0;
				TARGETED_DEVICE_FAMILY = "1,2";
				TEST_HOST = "$(BUILT_PRODUCTS_DIR)/BestBrainExample.app/$(BUNDLE_EXECUTABLE_FOLDER_PATH)/BestBrainExample";
			};
			name = Debug;
		};
		D7F2504D2C932BBA0094DDBF /* Release */ = {
			isa = XCBuildConfiguration;
			buildSettings = {
				ALWAYS_EMBED_SWIFT_STANDARD_LIBRARIES = YES;
				BUNDLE_LOADER = "$(TEST_HOST)";
				CODE_SIGN_STYLE = Automatic;
				CURRENT_PROJECT_VERSION = 1;
				DEVELOPMENT_TEAM = 9X9335U8Q3;
				GENERATE_INFOPLIST_FILE = YES;
				IPHONEOS_DEPLOYMENT_TARGET = 17.2;
				MARKETING_VERSION = 1.0;
				PRODUCT_BUNDLE_IDENTIFIER = com.dts.BestBrainExampleTests;
				PRODUCT_NAME = "$(TARGET_NAME)";
				SWIFT_EMIT_LOC_STRINGS = NO;
				SWIFT_VERSION = 5.0;
				TARGETED_DEVICE_FAMILY = "1,2";
				TEST_HOST = "$(BUILT_PRODUCTS_DIR)/BestBrainExample.app/$(BUNDLE_EXECUTABLE_FOLDER_PATH)/BestBrainExample";
			};
			name = Release;
		};
		D7F2504F2C932BBA0094DDBF /* Debug */ = {
			isa = XCBuildConfiguration;
			buildSettings = {
				ALWAYS_EMBED_SWIFT_STANDARD_LIBRARIES = YES;
				CODE_SIGN_STYLE = Automatic;
				CURRENT_PROJECT_VERSION = 1;
				DEVELOPMENT_TEAM = 9X9335U8Q3;
				GENERATE_INFOPLIST_FILE = YES;
				MARKETING_VERSION = 1.0;
				PRODUCT_BUNDLE_IDENTIFIER = com.dts.BestBrainExampleUITests;
				PRODUCT_NAME = "$(TARGET_NAME)";
				SWIFT_EMIT_LOC_STRINGS = NO;
				SWIFT_VERSION = 5.0;
				TARGETED_DEVICE_FAMILY = "1,2";
				TEST_TARGET_NAME = BestBrainExample;
			};
			name = Debug;
		};
		D7F250502C932BBA0094DDBF /* Release */ = {
			isa = XCBuildConfiguration;
			buildSettings = {
				ALWAYS_EMBED_SWIFT_STANDARD_LIBRARIES = YES;
				CODE_SIGN_STYLE = Automatic;
				CURRENT_PROJECT_VERSION = 1;
				DEVELOPMENT_TEAM = 9X9335U8Q3;
				GENERATE_INFOPLIST_FILE = YES;
				MARKETING_VERSION = 1.0;
				PRODUCT_BUNDLE_IDENTIFIER = com.dts.BestBrainExampleUITests;
				PRODUCT_NAME = "$(TARGET_NAME)";
				SWIFT_EMIT_LOC_STRINGS = NO;
				SWIFT_VERSION = 5.0;
				TARGETED_DEVICE_FAMILY = "1,2";
				TEST_TARGET_NAME = BestBrainExample;
			};
			name = Release;
		};
/* End XCBuildConfiguration section */

/* Begin XCConfigurationList section */
		D7F250192C932BB70094DDBF /* Build configuration list for PBXProject "BestBrainExample" */ = {
			isa = XCConfigurationList;
			buildConfigurations = (
				D7F250462C932BBA0094DDBF /* Debug */,
				D7F250472C932BBA0094DDBF /* Release */,
			);
			defaultConfigurationIsVisible = 0;
			defaultConfigurationName = Release;
		};
		D7F250482C932BBA0094DDBF /* Build configuration list for PBXNativeTarget "BestBrainExample" */ = {
			isa = XCConfigurationList;
			buildConfigurations = (
				D7F250492C932BBA0094DDBF /* Debug */,
				D7F2504A2C932BBA0094DDBF /* Release */,
			);
			defaultConfigurationIsVisible = 0;
			defaultConfigurationName = Release;
		};
		D7F2504B2C932BBA0094DDBF /* Build configuration list for PBXNativeTarget "BestBrainExampleTests" */ = {
			isa = XCConfigurationList;
			buildConfigurations = (
				D7F2504C2C932BBA0094DDBF /* Debug */,
				D7F2504D2C932BBA0094DDBF /* Release */,
			);
			defaultConfigurationIsVisible = 0;
			defaultConfigurationName = Release;
		};
		D7F2504E2C932BBA0094DDBF /* Build configuration list for PBXNativeTarget "BestBrainExampleUITests" */ = {
			isa = XCConfigurationList;
			buildConfigurations = (
				D7F2504F2C932BBA0094DDBF /* Debug */,
				D7F250502C932BBA0094DDBF /* Release */,
			);
			defaultConfigurationIsVisible = 0;
			defaultConfigurationName = Release;
		};
/* End XCConfigurationList section */
	};
	rootObject = D7F250162C932BB70094DDBF /* Project object */;
}
